{
  "name": "Myreact",
  "lockfileVersion": 2,
  "requires": true,
  "packages": {
    "": {
      "dependencies": {
        "Router": "^2.1.0"
      }
    },
    "node_modules/Router": {
      "version": "2.1.0",
      "resolved": "https://registry.npmjs.org/Router/-/Router-2.1.0.tgz",
      "integrity": "sha1-UuQpipFkXUWzMWdkiuDPOGyE1uQ="
    }
  },
  "dependencies": {
    "Router": {
      "version": "2.1.0",
      "resolved": "https://registry.npmjs.org/Router/-/Router-2.1.0.tgz",
      "integrity": "sha1-UuQpipFkXUWzMWdkiuDPOGyE1uQ="
    }
  }
}
